
Microsoft Visual Studio Solution File, Format Version 12.00
# Visual Studio 15
Project("{FAE04EC0-301F-11D3-BF4B-00C04F79EFBC}") = "VuforiaScripts", "VuforiaScripts.csproj", "{7A836B20-3D9F-FF1A-C2F1-38BE218A88E7}"
EndProject
Project("{FAE04EC0-301F-11D3-BF4B-00C04F79EFBC}") = "Assembly-CSharp-firstpass", "Assembly-CSharp-firstpass.csproj", "{FF6BF96D-A99A-41A9-0709-039380E8F06D}"
EndProject
Project("{FAE04EC0-301F-11D3-BF4B-00C04F79EFBC}") = "Assembly-CSharp", "Assembly-CSharp.csproj", "{EF96FAED-0579-BF51-4FDF-D56048A77C7E}"
EndProject
Project("{FAE04EC0-301F-11D3-BF4B-00C04F79EFBC}") = "Assembly-CSharp-Editor-firstpass", "Assembly-CSharp-Editor-firstpass.csproj", "{780F7A3F-80D1-7299-8014-475C2C2B4BE6}"
EndProject
Project("{FAE04EC0-301F-11D3-BF4B-00C04F79EFBC}") = "VuforiaEditorScripts", "VuforiaEditorScripts.csproj", "{28157FCE-44F2-9043-6651-DDD2BB00B8FF}"
EndProject
Global
	GlobalSection(SolutionConfigurationPlatforms) = preSolution
		Debug|Any CPU = Debug|Any CPU
		Release|Any CPU = Release|Any CPU
	EndGlobalSection
	GlobalSection(ProjectConfigurationPlatforms) = postSolution
		{7A836B20-3D9F-FF1A-C2F1-38BE218A88E7}.Debug|Any CPU.ActiveCfg = Debug|Any CPU
		{7A836B20-3D9F-FF1A-C2F1-38BE218A88E7}.Debug|Any CPU.Build.0 = Debug|Any CPU
		{7A836B20-3D9F-FF1A-C2F1-38BE218A88E7}.Release|Any CPU.ActiveCfg = Release|Any CPU
		{7A836B20-3D9F-FF1A-C2F1-38BE218A88E7}.Release|Any CPU.Build.0 = Release|Any CPU
		{FF6BF96D-A99A-41A9-0709-039380E8F06D}.Debug|Any CPU.ActiveCfg = Debug|Any CPU
		{FF6BF96D-A99A-41A9-0709-039380E8F06D}.Debug|Any CPU.Build.0 = Debug|Any CPU
		{FF6BF96D-A99A-41A9-0709-039380E8F06D}.Release|Any CPU.ActiveCfg = Release|Any CPU
		{FF6BF96D-A99A-41A9-0709-039380E8F06D}.Release|Any CPU.Build.0 = Release|Any CPU
		{EF96FAED-0579-BF51-4FDF-D56048A77C7E}.Debug|Any CPU.ActiveCfg = Debug|Any CPU
		{EF96FAED-0579-BF51-4FDF-D56048A77C7E}.Debug|Any CPU.Build.0 = Debug|Any CPU
		{EF96FAED-0579-BF51-4FDF-D56048A77C7E}.Release|Any CPU.ActiveCfg = Release|Any CPU
		{EF96FAED-0579-BF51-4FDF-D56048A77C7E}.Release|Any CPU.Build.0 = Release|Any CPU
		{780F7A3F-80D1-7299-8014-475C2C2B4BE6}.Debug|Any CPU.ActiveCfg = Debug|Any CPU
		{780F7A3F-80D1-7299-8014-475C2C2B4BE6}.Debug|Any CPU.Build.0 = Debug|Any CPU
		{780F7A3F-80D1-7299-8014-475C2C2B4BE6}.Release|Any CPU.ActiveCfg = Release|Any CPU
		{780F7A3F-80D1-7299-8014-475C2C2B4BE6}.Release|Any CPU.Build.0 = Release|Any CPU
		{28157FCE-44F2-9043-6651-DDD2BB00B8FF}.Debug|Any CPU.ActiveCfg = Debug|Any CPU
		{28157FCE-44F2-9043-6651-DDD2BB00B8FF}.Debug|Any CPU.Build.0 = Debug|Any CPU
		{28157FCE-44F2-9043-6651-DDD2BB00B8FF}.Release|Any CPU.ActiveCfg = Release|Any CPU
		{28157FCE-44F2-9043-6651-DDD2BB00B8FF}.Release|Any CPU.Build.0 = Release|Any CPU
	EndGlobalSection
	GlobalSection(SolutionProperties) = preSolution
		HideSolutionNode = FALSE
	EndGlobalSection
EndGlobal
